// !$*UTF8*$!
{
	archiveVersion = 1;
	classes = {
	};
	objectVersion = 46;
	objects = {

/* Begin PBXBuildFile section */
		E4AE209A1E5AA0B4005EA41E /* main.m in Sources */ = {isa = PBXBuildFile; fileRef = E4AE20991E5AA0B4005EA41E /* main.m */; };
		E4AE209D1E5AA0B4005EA41E /* AppDelegate.m in Sources */ = {isa = PBXBuildFile; fileRef = E4AE209C1E5AA0B4005EA41E /* AppDelegate.m */; };
		E4AE20A01E5AA0B4005EA41E /* ViewController.m in Sources */ = {isa = PBXBuildFile; fileRef = E4AE209F1E5AA0B4005EA41E /* ViewController.m */; };
		E4AE20A31E5AA0B4005EA41E /* Main.storyboard in Resources */ = {isa = PBXBuildFile; fileRef = E4AE20A11E5AA0B4005EA41E /* Main.storyboard */; };
		E4AE20A51E5AA0B4005EA41E /* Assets.xcassets in Resources */ = {isa = PBXBuildFile; fileRef = E4AE20A41E5AA0B4005EA41E /* Assets.xcassets */; };
		E4AE20A81E5AA0B4005EA41E /* LaunchScreen.storyboard in Resources */ = {isa = PBXBuildFile; fileRef = E4AE20A61E5AA0B4005EA41E /* LaunchScreen.storyboard */; };
		E4AE20B31E5AA0B4005EA41E /* DemoBTests.m in Sources */ = {isa = PBXBuildFile; fileRef = E4AE20B21E5AA0B4005EA41E /* DemoBTests.m */; };
		E4AE20BE1E5AA0B4005EA41E /* DemoBUITests.m in Sources */ = {isa = PBXBuildFile; fileRef = E4AE20BD1E5AA0B4005EA41E /* DemoBUITests.m */; };
		E4AE20CE1E5AB55F005EA41E /* PageOneViewController.m in Sources */ = {isa = PBXBuildFile; fileRef = E4AE20CC1E5AB55F005EA41E /* PageOneViewController.m */; };
		E4AE20CF1E5AB55F005EA41E /* PageOneViewController.xib in Resources */ = {isa = PBXBuildFile; fileRef = E4AE20CD1E5AB55F005EA41E /* PageOneViewController.xib */; };
		E4AE20D31E5AB56F005EA41E /* PageTwoViewController.m in Sources */ = {isa = PBXBuildFile; fileRef = E4AE20D11E5AB56F005EA41E /* PageTwoViewController.m */; };
		E4AE20D41E5AB56F005EA41E /* PageTwoViewController.xib in Resources */ = {isa = PBXBuildFile; fileRef = E4AE20D21E5AB56F005EA41E /* PageTwoViewController.xib */; };
/* End PBXBuildFile section */

/* Begin PBXContainerItemProxy section */
		E4AE20AF1E5AA0B4005EA41E /* PBXContainerItemProxy */ = {
			isa = PBXContainerItemProxy;
			containerPortal = E4AE208D1E5AA0B4005EA41E /* Project object */;
			proxyType = 1;
			remoteGlobalIDString = E4AE20941E5AA0B4005EA41E;
			remoteInfo = DemoB;
		};
		E4AE20BA1E5AA0B4005EA41E /* PBXContainerItemProxy */ = {
			isa = PBXContainerItemProxy;
			containerPortal = E4AE208D1E5AA0B4005EA41E /* Project object */;
			proxyType = 1;
			remoteGlobalIDString = E4AE20941E5AA0B4005EA41E;
			remoteInfo = DemoB;
		};
/* End PBXContainerItemProxy section */

/* Begin PBXFileReference section */
		E4AE20951E5AA0B4005EA41E /* DemoB.app */ = {isa = PBXFileReference; explicitFileType = wrapper.application; includeInIndex = 0; path = DemoB.app; sourceTree = BUILT_PRODUCTS_DIR; };
		E4AE20991E5AA0B4005EA41E /* main.m */ = {isa = PBXFileReference; lastKnownFileType = sourcecode.c.objc; path = main.m; sourceTree = "<group>"; };
		E4AE209B1E5AA0B4005EA41E /* AppDelegate.h */ = {isa = PBXFileReference; lastKnownFileType = sourcecode.c.h; path = AppDelegate.h; sourceTree = "<group>"; };
		E4AE209C1E5AA0B4005EA41E /* AppDelegate.m */ = {isa = PBXFileReference; lastKnownFileType = sourcecode.c.objc; path = AppDelegate.m; sourceTree = "<group>"; };
		E4AE209E1E5AA0B4005EA41E /* ViewController.h */ = {isa = PBXFileReference; lastKnownFileType = sourcecode.c.h; path = ViewController.h; sourceTree = "<group>"; };
		E4AE209F1E5AA0B4005EA41E /* ViewController.m */ = {isa = PBXFileReference; lastKnownFileType = sourcecode.c.objc; path = ViewController.m; sourceTree = "<group>"; };
		E4AE20A21E5AA0B4005EA41E /* Base */ = {isa = PBXFileReference; lastKnownFileType = file.storyboard; name = Base; path = Base.lproj/Main.storyboard; sourceTree = "<group>"; };
		E4AE20A41E5AA0B4005EA41E /* Assets.xcassets */ = {isa = PBXFileReference; lastKnownFileType = folder.assetcatalog; path = Assets.xcassets; sourceTree = "<group>"; };
		E4AE20A71E5AA0B4005EA41E /* Base */ = {isa = PBXFileReference; lastKnownFileType = file.storyboard; name = Base; path = Base.lproj/LaunchScreen.storyboard; sourceTree = "<group>"; };
		E4AE20A91E5AA0B4005EA41E /* Info.plist */ = {isa = PBXFileReference; lastKnownFileType = text.plist.xml; path = Info.plist; sourceTree = "<group>"; };
		E4AE20AE1E5AA0B4005EA41E /* DemoBTests.xctest */ = {isa = PBXFileReference; explicitFileType = wrapper.cfbundle; includeInIndex = 0; path = DemoBTests.xctest; sourceTree = BUILT_PRODUCTS_DIR; };
		E4AE20B21E5AA0B4005EA41E /* DemoBTests.m */ = {isa = PBXFileReference; lastKnownFileType = sourcecode.c.objc; path = DemoBTests.m; sourceTree = "<group>"; };
		E4AE20B41E5AA0B4005EA41E /* Info.plist */ = {isa = PBXFileReference; lastKnownFileType = text.plist.xml; path = Info.plist; sourceTree = "<group>"; };
		E4AE20B91E5AA0B4005EA41E /* DemoBUITests.xctest */ = {isa = PBXFileReference; explicitFileType = wrapper.cfbundle; includeInIndex = 0; path = DemoBUITests.xctest; sourceTree = BUILT_PRODUCTS_DIR; };
		E4AE20BD1E5AA0B4005EA41E /* DemoBUITests.m */ = {isa = PBXFileReference; lastKnownFileType = sourcecode.c.objc; path = DemoBUITests.m; sourceTree = "<group>"; };
		E4AE20BF1E5AA0B4005EA41E /* Info.plist */ = {isa = PBXFileReference; lastKnownFileType = text.plist.xml; path = Info.plist; sourceTree = "<group>"; };
		E4AE20CB1E5AB55F005EA41E /* PageOneViewController.h */ = {isa = PBXFileReference; fileEncoding = 4; lastKnownFileType = sourcecode.c.h; path = PageOneViewController.h; sourceTree = "<group>"; };
		E4AE20CC1E5AB55F005EA41E /* PageOneViewController.m */ = {isa = PBXFileReference; fileEncoding = 4; lastKnownFileType = sourcecode.c.objc; path = PageOneViewController.m; sourceTree = "<group>"; };
		E4AE20CD1E5AB55F005EA41E /* PageOneViewController.xib */ = {isa = PBXFileReference; fileEncoding = 4; lastKnownFileType = file.xib; path = PageOneViewController.xib; sourceTree = "<group>"; };
		E4AE20D01E5AB56F005EA41E /* PageTwoViewController.h */ = {isa = PBXFileReference; fileEncoding = 4; lastKnownFileType = sourcecode.c.h; path = PageTwoViewController.h; sourceTree = "<group>"; };
		E4AE20D11E5AB56F005EA41E /* PageTwoViewController.m */ = {isa = PBXFileReference; fileEncoding = 4; lastKnownFileType = sourcecode.c.objc; path = PageTwoViewController.m; sourceTree = "<group>"; };
		E4AE20D21E5AB56F005EA41E /* PageTwoViewController.xib */ = {isa = PBXFileReference; fileEncoding = 4; lastKnownFileType = file.xib; path = PageTwoViewController.xib; sourceTree = "<group>"; };
/* End PBXFileReference section */

/* Begin PBXFrameworksBuildPhase section */
		E4AE20921E5AA0B4005EA41E /* Frameworks */ = {
			isa = PBXFrameworksBuildPhase;
			buildActionMask = 2147483647;
			files = (
			);
			runOnlyForDeploymentPostprocessing = 0;
		};
		E4AE20AB1E5AA0B4005EA41E /* Frameworks */ = {
			isa = PBXFrameworksBuildPhase;
			buildActionMask = 2147483647;
			files = (
			);
			runOnlyForDeploymentPostprocessing = 0;
		};
		E4AE20B61E5AA0B4005EA41E /* Frameworks */ = {
			isa = PBXFrameworksBuildPhase;
			buildActionMask = 2147483647;
			files = (
			);
			runOnlyForDeploymentPostprocessing = 0;
		};
/* End PBXFrameworksBuildPhase section */

/* Begin PBXGroup section */
		E4AE208C1E5AA0B4005EA41E = {
			isa = PBXGroup;
			children = (
				E4AE20971E5AA0B4005EA41E /* DemoB */,
				E4AE20B11E5AA0B4005EA41E /* DemoBTests */,
				E4AE20BC1E5AA0B4005EA41E /* DemoBUITests */,
				E4AE20961E5AA0B4005EA41E /* Products */,
			);
			sourceTree = "<group>";
		};
		E4AE20961E5AA0B4005EA41E /* Products */ = {
			isa = PBXGroup;
			children = (
				E4AE20951E5AA0B4005EA41E /* DemoB.app */,
				E4AE20AE1E5AA0B4005EA41E /* DemoBTests.xctest */,
				E4AE20B91E5AA0B4005EA41E /* DemoBUITests.xctest */,
			);
			name = Products;
			sourceTree = "<group>";
		};
		E4AE20971E5AA0B4005EA41E /* DemoB */ = {
			isa = PBXGroup;
			children = (
				E4AE209B1E5AA0B4005EA41E /* AppDelegate.h */,
				E4AE209C1E5AA0B4005EA41E /* AppDelegate.m */,
				E4AE209E1E5AA0B4005EA41E /* ViewController.h */,
				E4AE209F1E5AA0B4005EA41E /* ViewController.m */,
				E4AE20CB1E5AB55F005EA41E /* PageOneViewController.h */,
				E4AE20CC1E5AB55F005EA41E /* PageOneViewController.m */,
				E4AE20CD1E5AB55F005EA41E /* PageOneViewController.xib */,
				E4AE20D01E5AB56F005EA41E /* PageTwoViewController.h */,
				E4AE20D11E5AB56F005EA41E /* PageTwoViewController.m */,
				E4AE20D21E5AB56F005EA41E /* PageTwoViewController.xib */,
				E4AE20A11E5AA0B4005EA41E /* Main.storyboard */,
				E4AE20A41E5AA0B4005EA41E /* Assets.xcassets */,
				E4AE20A61E5AA0B4005EA41E /* LaunchScreen.storyboard */,
				E4AE20A91E5AA0B4005EA41E /* Info.plist */,
				E4AE20981E5AA0B4005EA41E /* Supporting Files */,
			);
			path = DemoB;
			sourceTree = "<group>";
		};
		E4AE20981E5AA0B4005EA41E /* Supporting Files */ = {
			isa = PBXGroup;
			children = (
				E4AE20991E5AA0B4005EA41E /* main.m */,
			);
			name = "Supporting Files";
			sourceTree = "<group>";
		};
		E4AE20B11E5AA0B4005EA41E /* DemoBTests */ = {
			isa = PBXGroup;
			children = (
				E4AE20B21E5AA0B4005EA41E /* DemoBTests.m */,
				E4AE20B41E5AA0B4005EA41E /* Info.plist */,
			);
			path = DemoBTests;
			sourceTree = "<group>";
		};
		E4AE20BC1E5AA0B4005EA41E /* DemoBUITests */ = {
			isa = PBXGroup;
			children = (
				E4AE20BD1E5AA0B4005EA41E /* DemoBUITests.m */,
				E4AE20BF1E5AA0B4005EA41E /* Info.plist */,
			);
			path = DemoBUITests;
			sourceTree = "<group>";
		};
/* End PBXGroup section */

/* Begin PBXNativeTarget section */
		E4AE20941E5AA0B4005EA41E /* DemoB */ = {
			isa = PBXNativeTarget;
			buildConfigurationList = E4AE20C21E5AA0B4005EA41E /* Build configuration list for PBXNativeTarget "DemoB" */;
			buildPhases = (
				E4AE20911E5AA0B4005EA41E /* Sources */,
				E4AE20921E5AA0B4005EA41E /* Frameworks */,
				E4AE20931E5AA0B4005EA41E /* Resources */,
			);
			buildRules = (
			);
			dependencies = (
			);
			name = DemoB;
			productName = DemoB;
			productReference = E4AE20951E5AA0B4005EA41E /* DemoB.app */;
			productType = "com.apple.product-type.application";
		};
		E4AE20AD1E5AA0B4005EA41E /* DemoBTests */ = {
			isa = PBXNativeTarget;
			buildConfigurationList = E4AE20C51E5AA0B4005EA41E /* Build configuration list for PBXNativeTarget "DemoBTests" */;
			buildPhases = (
				E4AE20AA1E5AA0B4005EA41E /* Sources */,
				E4AE20AB1E5AA0B4005EA41E /* Frameworks */,
				E4AE20AC1E5AA0B4005EA41E /* Resources */,
			);
			buildRules = (
			);
			dependencies = (
				E4AE20B01E5AA0B4005EA41E /* PBXTargetDependency */,
			);
			name = DemoBTests;
			productName = DemoBTests;
			productReference = E4AE20AE1E5AA0B4005EA41E /* DemoBTests.xctest */;
			productType = "com.apple.product-type.bundle.unit-test";
		};
		E4AE20B81E5AA0B4005EA41E /* DemoBUITests */ = {
			isa = PBXNativeTarget;
			buildConfigurationList = E4AE20C81E5AA0B4005EA41E /* Build configuration list for PBXNativeTarget "DemoBUITests" */;
			buildPhases = (
				E4AE20B51E5AA0B4005EA41E /* Sources */,
				E4AE20B61E5AA0B4005EA41E /* Frameworks */,
				E4AE20B71E5AA0B4005EA41E /* Resources */,
			);
			buildRules = (
			);
			dependencies = (
				E4AE20BB1E5AA0B4005EA41E /* PBXTargetDependency */,
			);
			name = DemoBUITests;
			productName = DemoBUITests;
			productReference = E4AE20B91E5AA0B4005EA41E /* DemoBUITests.xctest */;
			productType = "com.apple.product-type.bundle.ui-testing";
		};
/* End PBXNativeTarget section */

/* Begin PBXProject section */
		E4AE208D1E5AA0B4005EA41E /* Project object */ = {
			isa = PBXProject;
			attributes = {
				LastUpgradeCheck = 0820;
				ORGANIZATIONNAME = yons;
				TargetAttributes = {
					E4AE20941E5AA0B4005EA41E = {
						CreatedOnToolsVersion = 8.2.1;
						DevelopmentTeam = 6PKRU8JWQ6;
						ProvisioningStyle = Automatic;
					};
					E4AE20AD1E5AA0B4005EA41E = {
						CreatedOnToolsVersion = 8.2.1;
						DevelopmentTeam = 6PKRU8JWQ6;
						ProvisioningStyle = Automatic;
						TestTargetID = E4AE20941E5AA0B4005EA41E;
					};
					E4AE20B81E5AA0B4005EA41E = {
						CreatedOnToolsVersion = 8.2.1;
						DevelopmentTeam = 6PKRU8JWQ6;
						ProvisioningStyle = Automatic;
						TestTargetID = E4AE20941E5AA0B4005EA41E;
					};
				};
			};
			buildConfigurationList = E4AE20901E5AA0B4005EA41E /* Build configuration list for PBXProject "DemoB" */;
			compatibilityVersion = "Xcode 3.2";
			developmentRegion = English;
			hasScannedForEncodings = 0;
			knownRegions = (
				en,
				Base,
			);
			mainGroup = E4AE208C1E5AA0B4005EA41E;
			productRefGroup = E4AE20961E5AA0B4005EA41E /* Products */;
			projectDirPath = "";
			projectRoot = "";
			targets = (
				E4AE20941E5AA0B4005EA41E /* DemoB */,
				E4AE20AD1E5AA0B4005EA41E /* DemoBTests */,
				E4AE20B81E5AA0B4005EA41E /* DemoBUITests */,
			);
		};
/* End PBXProject section */

/* Begin PBXResourcesBuildPhase section */
		E4AE20931E5AA0B4005EA41E /* Resources */ = {
			isa = PBXResourcesBuildPhase;
			buildActionMask = 2147483647;
			files = (
				E4AE20CF1E5AB55F005EA41E /* PageOneViewController.xib in Resources */,
				E4AE20D41E5AB56F005EA41E /* PageTwoViewController.xib in Resources */,
				E4AE20A81E5AA0B4005EA41E /* LaunchScreen.storyboard in Resources */,
				E4AE20A51E5AA0B4005EA41E /* Assets.xcassets in Resources */,
				E4AE20A31E5AA0B4005EA41E /* Main.storyboard in Resources */,
			);
			runOnlyForDeploymentPostprocessing = 0;
		};
		E4AE20AC1E5AA0B4005EA41E /* Resources */ = {
			isa = PBXResourcesBuildPhase;
			buildActionMask = 2147483647;
			files = (
			);
			runOnlyForDeploymentPostprocessing = 0;
		};
		E4AE20B71E5AA0B4005EA41E /* Resources */ = {
			isa = PBXResourcesBuildPhase;
			buildActionMask = 2147483647;
			files = (
			);
			runOnlyForDeploymentPostprocessing = 0;
		};
/* End PBXResourcesBuildPhase section */

/* Begin PBXSourcesBuildPhase section */
		E4AE20911E5AA0B4005EA41E /* Sources */ = {
			isa = PBXSourcesBuildPhase;
			buildActionMask = 2147483647;
			files = (
				E4AE20CE1E5AB55F005EA41E /* PageOneViewController.m in Sources */,
				E4AE20D31E5AB56F005EA41E /* PageTwoViewController.m in Sources */,
				E4AE20A01E5AA0B4005EA41E /* ViewController.m in Sources */,
				E4AE209D1E5AA0B4005EA41E /* AppDelegate.m in Sources */,
				E4AE209A1E5AA0B4005EA41E /* main.m in Sources */,
			);
			runOnlyForDeploymentPostprocessing = 0;
		};
		E4AE20AA1E5AA0B4005EA41E /* Sources */ = {
			isa = PBXSourcesBuildPhase;
			buildActionMask = 2147483647;
			files = (
				E4AE20B31E5AA0B4005EA41E /* DemoBTests.m in Sources */,
			);
			runOnlyForDeploymentPostprocessing = 0;
		};
		E4AE20B51E5AA0B4005EA41E /* Sources */ = {
			isa = PBXSourcesBuildPhase;
			buildActionMask = 2147483647;
			files = (
				E4AE20BE1E5AA0B4005EA41E /* DemoBUITests.m in Sources */,
			);
			runOnlyForDeploymentPostprocessing = 0;
		};
/* End PBXSourcesBuildPhase section */

/* Begin PBXTargetDependency section */
		E4AE20B01E5AA0B4005EA41E /* PBXTargetDependency */ = {
			isa = PBXTargetDependency;
			target = E4AE20941E5AA0B4005EA41E /* DemoB */;
			targetProxy = E4AE20AF1E5AA0B4005EA41E /* PBXContainerItemProxy */;
		};
		E4AE20BB1E5AA0B4005EA41E /* PBXTargetDependency */ = {
			isa = PBXTargetDependency;
			target = E4AE20941E5AA0B4005EA41E /* DemoB */;
			targetProxy = E4AE20BA1E5AA0B4005EA41E /* PBXContainerItemProxy */;
		};
/* End PBXTargetDependency section */

/* Begin PBXVariantGroup section */
		E4AE20A11E5AA0B4005EA41E /* Main.storyboard */ = {
			isa = PBXVariantGroup;
			children = (
				E4AE20A21E5AA0B4005EA41E /* Base */,
			);
			name = Main.storyboard;
			sourceTree = "<group>";
		};
		E4AE20A61E5AA0B4005EA41E /* LaunchScreen.storyboard */ = {
			isa = PBXVariantGroup;
			children = (
				E4AE20A71E5AA0B4005EA41E /* Base */,
			);
			name = LaunchScreen.storyboard;
			sourceTree = "<group>";
		};
/* End PBXVariantGroup section */

/* Begin XCBuildConfiguration section */
		E4AE20C01E5AA0B4005EA41E /* Debug */ = {
			isa = XCBuildConfiguration;
			buildSettings = {
				ALWAYS_SEARCH_USER_PATHS = NO;
				CLANG_ANALYZER_NONNULL = YES;
				CLANG_CXX_LANGUAGE_STANDARD = "gnu++0x";
				CLANG_CXX_LIBRARY = "libc++";
				CLANG_ENABLE_MODULES = YES;
				CLANG_ENABLE_OBJC_ARC = YES;
				CLANG_WARN_BOOL_CONVERSION = YES;
				CLANG_WARN_CONSTANT_CONVERSION = YES;
				CLANG_WARN_DIRECT_OBJC_ISA_USAGE = YES_ERROR;
				CLANG_WARN_DOCUMENTATION_COMMENTS = YES;
				CLANG_WARN_EMPTY_BODY = YES;
				CLANG_WARN_ENUM_CONVERSION = YES;
				CLANG_WARN_INFINITE_RECURSION = YES;
				CLANG_WARN_INT_CONVERSION = YES;
				CLANG_WARN_OBJC_ROOT_CLASS = YES_ERROR;
				CLANG_WARN_SUSPICIOUS_MOVE = YES;
				CLANG_WARN_UNREACHABLE_CODE = YES;
				CLANG_WARN__DUPLICATE_METHOD_MATCH = YES;
				"CODE_SIGN_IDENTITY[sdk=iphoneos*]" = "iPhone Developer";
				COPY_PHASE_STRIP = NO;
				DEBUG_INFORMATION_FORMAT = dwarf;
				ENABLE_STRICT_OBJC_MSGSEND = YES;
				ENABLE_TESTABILITY = YES;
				GCC_C_LANGUAGE_STANDARD = gnu99;
				GCC_DYNAMIC_NO_PIC = NO;
				GCC_NO_COMMON_BLOCKS = YES;
				GCC_OPTIMIZATION_LEVEL = 0;
				GCC_PREPROCESSOR_DEFINITIONS = (
					"DEBUG=1",
					"$(inherited)",
				);
				GCC_WARN_64_TO_32_BIT_CONVERSION = YES;
				GCC_WARN_ABOUT_RETURN_TYPE = YES_ERROR;
				GCC_WARN_UNDECLARED_SELECTOR = YES;
				GCC_WARN_UNINITIALIZED_AUTOS = YES_AGGRESSIVE;
				GCC_WARN_UNUSED_FUNCTION = YES;
				GCC_WARN_UNUSED_VARIABLE = YES;
				IPHONEOS_DEPLOYMENT_TARGET = 10.2;
				MTL_ENABLE_DEBUG_INFO = YES;
				ONLY_ACTIVE_ARCH = YES;
				SDKROOT = iphoneos;
				TARGETED_DEVICE_FAMILY = "1,2";
			};
			name = Debug;
		};
		E4AE20C11E5AA0B4005EA41E /* Release */ = {
			isa = XCBuildConfiguration;
			buildSettings = {
				ALWAYS_SEARCH_USER_PATHS = NO;
				CLANG_ANALYZER_NONNULL = YES;
				CLANG_CXX_LANGUAGE_STANDARD = "gnu++0x";
				CLANG_CXX_LIBRARY = "libc++";
				CLANG_ENABLE_MODULES = YES;
				CLANG_ENABLE_OBJC_ARC = YES;
				CLANG_WARN_BOOL_CONVERSION = YES;
				CLANG_WARN_CONSTANT_CONVERSION = YES;
				CLANG_WARN_DIRECT_OBJC_ISA_USAGE = YES_ERROR;
				CLANG_WARN_DOCUMENTATION_COMMENTS = YES;
				CLANG_WARN_EMPTY_BODY = YES;
				CLANG_WARN_ENUM_CONVERSION = YES;
				CLANG_WARN_INFINITE_RECURSION = YES;
				CLANG_WARN_INT_CONVERSION = YES;
				CLANG_WARN_OBJC_ROOT_CLASS = YES_ERROR;
				CLANG_WARN_SUSPICIOUS_MOVE = YES;
				CLANG_WARN_UNREACHABLE_CODE = YES;
				CLANG_WARN__DUPLICATE_METHOD_MATCH = YES;
				"CODE_SIGN_IDENTITY[sdk=iphoneos*]" = "iPhone Developer";
				COPY_PHASE_STRIP = NO;
				DEBUG_INFORMATION_FORMAT = "dwarf-with-dsym";
				ENABLE_NS_ASSERTIONS = NO;
				ENABLE_STRICT_OBJC_MSGSEND = YES;
				GCC_C_LANGUAGE_STANDARD = gnu99;
				GCC_NO_COMMON_BLOCKS = YES;
				GCC_WARN_64_TO_32_BIT_CONVERSION = YES;
				GCC_WARN_ABOUT_RETURN_TYPE = YES_ERROR;
				GCC_WARN_UNDECLARED_SELECTOR = YES;
				GCC_WARN_UNINITIALIZED_AUTOS = YES_AGGRESSIVE;
				GCC_WARN_UNUSED_FUNCTION = YES;
				GCC_WARN_UNUSED_VARIABLE = YES;
				IPHONEOS_DEPLOYMENT_TARGET = 10.2;
				MTL_ENABLE_DEBUG_INFO = NO;
				SDKROOT = iphoneos;
				TARGETED_DEVICE_FAMILY = "1,2";
				VALIDATE_PRODUCT = YES;
			};
			name = Release;
		};
		E4AE20C31E5AA0B4005EA41E /* Debug */ = {
			isa = XCBuildConfiguration;
			buildSettings = {
				ASSETCATALOG_COMPILER_APPICON_NAME = AppIcon;
				DEVELOPMENT_TEAM = 6PKRU8JWQ6;
				INFOPLIST_FILE = DemoB/Info.plist;
				LD_RUNPATH_SEARCH_PATHS = "$(inherited) @executable_path/Frameworks";
				PRODUCT_BUNDLE_IDENTIFIER = WY.DemoB;
				PRODUCT_NAME = "$(TARGET_NAME)";
			};
			name = Debug;
		};
		E4AE20C41E5AA0B4005EA41E /* Release */ = {
			isa = XCBuildConfiguration;
			buildSettings = {
				ASSETCATALOG_COMPILER_APPICON_NAME = AppIcon;
				DEVELOPMENT_TEAM = 6PKRU8JWQ6;
				INFOPLIST_FILE = DemoB/Info.plist;
				LD_RUNPATH_SEARCH_PATHS = "$(inherited) @executable_path/Frameworks";
				PRODUCT_BUNDLE_IDENTIFIER = WY.DemoB;
				PRODUCT_NAME = "$(TARGET_NAME)";
			};
			name = Release;
		};
		E4AE20C61E5AA0B4005EA41E /* Debug */ = {
			isa = XCBuildConfiguration;
			buildSettings = {
				BUNDLE_LOADER = "$(TEST_HOST)";
				DEVELOPMENT_TEAM = 6PKRU8JWQ6;
				INFOPLIST_FILE = DemoBTests/Info.plist;
				LD_RUNPATH_SEARCH_PATHS = "$(inherited) @executable_path/Frameworks @loader_path/Frameworks";
				PRODUCT_BUNDLE_IDENTIFIER = WY.DemoBTests;
				PRODUCT_NAME = "$(TARGET_NAME)";
				TEST_HOST = "$(BUILT_PRODUCTS_DIR)/DemoB.app/DemoB";
			};
			name = Debug;
		};
		E4AE20C71E5AA0B4005EA41E /* Release */ = {
			isa = XCBuildConfiguration;
			buildSettings = {
				BUNDLE_LOADER = "$(TEST_HOST)";
				DEVELOPMENT_TEAM = 6PKRU8JWQ6;
				INFOPLIST_FILE = DemoBTests/Info.plist;
				LD_RUNPATH_SEARCH_PATHS = "$(inherited) @executable_path/Frameworks @loader_path/Frameworks";
				PRODUCT_BUNDLE_IDENTIFIER = WY.DemoBTests;
				PRODUCT_NAME = "$(TARGET_NAME)";
				TEST_HOST = "$(BUILT_PRODUCTS_DIR)/DemoB.app/DemoB";
			};
			name = Release;
		};
		E4AE20C91E5AA0B4005EA41E /* Debug */ = {
			isa = XCBuildConfiguration;
			buildSettings = {
				DEVELOPMENT_TEAM = 6PKRU8JWQ6;
				INFOPLIST_FILE = DemoBUITests/Info.plist;
				LD_RUNPATH_SEARCH_PATHS = "$(inherited) @executable_path/Frameworks @loader_path/Frameworks";
				PRODUCT_BUNDLE_IDENTIFIER = WY.DemoBUITests;
				PRODUCT_NAME = "$(TARGET_NAME)";
				TEST_TARGET_NAME = DemoB;
			};
			name = Debug;
		};
		E4AE20CA1E5AA0B4005EA41E /* Release */ = {
			isa = XCBuildConfiguration;
			buildSettings = {
				DEVELOPMENT_TEAM = 6PKRU8JWQ6;
				INFOPLIST_FILE = DemoBUITests/Info.plist;
				LD_RUNPATH_SEARCH_PATHS = "$(inherited) @executable_path/Frameworks @loader_path/Frameworks";
				PRODUCT_BUNDLE_IDENTIFIER = WY.DemoBUITests;
				PRODUCT_NAME = "$(TARGET_NAME)";
				TEST_TARGET_NAME = DemoB;
			};
			name = Release;
		};
/* End XCBuildConfiguration section */

/* Begin XCConfigurationList section */
		E4AE20901E5AA0B4005EA41E /* Build configuration list for PBXProject "DemoB" */ = {
			isa = XCConfigurationList;
			buildConfigurations = (
				E4AE20C01E5AA0B4005EA41E /* Debug */,
				E4AE20C11E5AA0B4005EA41E /* Release */,
			);
			defaultConfigurationIsVisible = 0;
			defaultConfigurationName = Release;
		};
		E4AE20C21E5AA0B4005EA41E /* Build configuration list for PBXNativeTarget "DemoB" */ = {
			isa = XCConfigurationList;
			buildConfigurations = (
				E4AE20C31E5AA0B4005EA41E /* Debug */,
				E4AE20C41E5AA0B4005EA41E /* Release */,
			);
			defaultConfigurationIsVisible = 0;
			defaultConfigurationName = Release;
		};
		E4AE20C51E5AA0B4005EA41E /* Build configuration list for PBXNativeTarget "DemoBTests" */ = {
			isa = XCConfigurationList;
			buildConfigurations = (
				E4AE20C61E5AA0B4005EA41E /* Debug */,
				E4AE20C71E5AA0B4005EA41E /* Release */,
			);
			defaultConfigurationIsVisible = 0;
			defaultConfigurationName = Release;
		};
		E4AE20C81E5AA0B4005EA41E /* Build configuration list for PBXNativeTarget "DemoBUITests" */ = {
			isa = XCConfigurationList;
			buildConfigurations = (
				E4AE20C91E5AA0B4005EA41E /* Debug */,
				E4AE20CA1E5AA0B4005EA41E /* Release */,
			);
			defaultConfigurationIsVisible = 0;
			defaultConfigurationName = Release;
		};
/* End XCConfigurationList section */
	};
	rootObject = E4AE208D1E5AA0B4005EA41E /* Project object */;
}
